
Microsoft Visual Studio Solution File, Format Version 12.00
# Visual Studio Version 17
VisualStudioVersion = 17.9.34728.123
MinimumVisualStudioVersion = 10.0.40219.1
Project("{FAE04EC0-301F-11D3-BF4B-00C04F79EFBC}") = "exam", "exam.csproj", "{AAB234C1-1E36-4073-91E6-1631641C0F86}"
EndProject
Global
	GlobalSection(SolutionConfigurationPlatforms) = preSolution
		Debug|Any CPU = Debug|Any CPU
		Release|Any CPU = Release|Any CPU
	EndGlobalSection
	GlobalSection(ProjectConfigurationPlatforms) = postSolution
		{AAB234C1-1E36-4073-91E6-1631641C0F86}.Debug|Any CPU.ActiveCfg = Debug|Any CPU
		{AAB234C1-1E36-4073-91E6-1631641C0F86}.Debug|Any CPU.Build.0 = Debug|Any CPU
		{AAB234C1-1E36-4073-91E6-1631641C0F86}.Release|Any CPU.ActiveCfg = Release|Any CPU
		{AAB234C1-1E36-4073-91E6-1631641C0F86}.Release|Any CPU.Build.0 = Release|Any CPU
	EndGlobalSection
	GlobalSection(SolutionProperties) = preSolution
		HideSolutionNode = FALSE
	EndGlobalSection
	GlobalSection(ExtensibilityGlobals) = postSolution
		SolutionGuid = {F5F8453B-1D1D-45D3-83EB-278D99E03B82}
	EndGlobalSection
EndGlobal
